
Microsoft Visual Studio Solution File, Format Version 12.00
# Visual Studio 15
VisualStudioVersion = 15.0.28010.2026
MinimumVisualStudioVersion = 10.0.40219.1
Project("{9A19103F-16F7-4668-BE54-9A1E7A4F7556}") = "WatchShopProject.RestApi", "..\WatchShopProject.RestApi\WatchShopProject.RestApi.csproj", "{84904F9B-81E9-4395-87B5-7E6B69B21B87}"
EndProject
Project("{FAE04EC0-301F-11D3-BF4B-00C04F79EFBC}") = "WatchShop.Core.Entity", "..\Core\WatchShop.Core.Entity\WatchShop.Core.Entity.csproj", "{393F9BAF-988B-4885-9517-5A386234ED90}"
EndProject
Global
	GlobalSection(SolutionConfigurationPlatforms) = preSolution
		Debug|Any CPU = Debug|Any CPU
		Release|Any CPU = Release|Any CPU
	EndGlobalSection
	GlobalSection(ProjectConfigurationPlatforms) = postSolution
		{84904F9B-81E9-4395-87B5-7E6B69B21B87}.Debug|Any CPU.ActiveCfg = Debug|Any CPU
		{84904F9B-81E9-4395-87B5-7E6B69B21B87}.Debug|Any CPU.Build.0 = Debug|Any CPU
		{84904F9B-81E9-4395-87B5-7E6B69B21B87}.Release|Any CPU.ActiveCfg = Release|Any CPU
		{84904F9B-81E9-4395-87B5-7E6B69B21B87}.Release|Any CPU.Build.0 = Release|Any CPU
		{393F9BAF-988B-4885-9517-5A386234ED90}.Debug|Any CPU.ActiveCfg = Debug|Any CPU
		{393F9BAF-988B-4885-9517-5A386234ED90}.Debug|Any CPU.Build.0 = Debug|Any CPU
		{393F9BAF-988B-4885-9517-5A386234ED90}.Release|Any CPU.ActiveCfg = Release|Any CPU
		{393F9BAF-988B-4885-9517-5A386234ED90}.Release|Any CPU.Build.0 = Release|Any CPU
	EndGlobalSection
	GlobalSection(SolutionProperties) = preSolution
		HideSolutionNode = FALSE
	EndGlobalSection
	GlobalSection(ExtensibilityGlobals) = postSolution
		SolutionGuid = {95036521-E911-4DAF-A7CF-9B377BA14DAC}
	EndGlobalSection
EndGlobal
